
Microsoft Visual Studio Solution File, Format Version 12.00
# Visual Studio Version 17
VisualStudioVersion = 17.8.34309.116
MinimumVisualStudioVersion = 10.0.40219.1
Project("{FAE04EC0-301F-11D3-BF4B-00C04F79EFBC}") = "Electronic", "Electronic\Electronic.csproj", "{09E2AFAE-2EB9-43C6-A9CC-5EB661E90C0C}"
EndProject
Global
	GlobalSection(SolutionConfigurationPlatforms) = preSolution
		Debug|Any CPU = Debug|Any CPU
		Release|Any CPU = Release|Any CPU
	EndGlobalSection
	GlobalSection(ProjectConfigurationPlatforms) = postSolution
		{09E2AFAE-2EB9-43C6-A9CC-5EB661E90C0C}.Debug|Any CPU.ActiveCfg = Debug|Any CPU
		{09E2AFAE-2EB9-43C6-A9CC-5EB661E90C0C}.Debug|Any CPU.Build.0 = Debug|Any CPU
		{09E2AFAE-2EB9-43C6-A9CC-5EB661E90C0C}.Release|Any CPU.ActiveCfg = Release|Any CPU
		{09E2AFAE-2EB9-43C6-A9CC-5EB661E90C0C}.Release|Any CPU.Build.0 = Release|Any CPU
	EndGlobalSection
	GlobalSection(SolutionProperties) = preSolution
		HideSolutionNode = FALSE
	EndGlobalSection
	GlobalSection(ExtensibilityGlobals) = postSolution
		SolutionGuid = {EB19D2FF-A959-49E0-8FC0-AEC5D87B0CD3}
	EndGlobalSection
EndGlobal
